// !$*UTF8*$!
{
	archiveVersion = 1;
	classes = {
	};
	objectVersion = 56;
	objects = {

/* Begin PBXBuildFile section */
		7B9F77D42C69A21E000A3CEE /* LibrarioApp.swift in Sources */ = {isa = PBXBuildFile; fileRef = 7B9F77D32C69A21E000A3CEE /* LibrarioApp.swift */; };
		7B9F77D62C69A21E000A3CEE /* ContentView.swift in Sources */ = {isa = PBXBuildFile; fileRef = 7B9F77D52C69A21E000A3CEE /* ContentView.swift */; };
		7B9F77D82C69A21E000A3CEE /* Item.swift in Sources */ = {isa = PBXBuildFile; fileRef = 7B9F77D72C69A21E000A3CEE /* Item.swift */; };
		7B9F77DA2C69A21F000A3CEE /* Assets.xcassets in Resources */ = {isa = PBXBuildFile; fileRef = 7B9F77D92C69A21F000A3CEE /* Assets.xcassets */; };
		7B9F77DD2C69A21F000A3CEE /* Preview Assets.xcassets in Resources */ = {isa = PBXBuildFile; fileRef = 7B9F77DC2C69A21F000A3CEE /* Preview Assets.xcassets */; };
		7B9F77E72C69A21F000A3CEE /* LibrarioTests.swift in Sources */ = {isa = PBXBuildFile; fileRef = 7B9F77E62C69A21F000A3CEE /* LibrarioTests.swift */; };
		7B9F77F12C69A21F000A3CEE /* LibrarioUITests.swift in Sources */ = {isa = PBXBuildFile; fileRef = 7B9F77F02C69A21F000A3CEE /* LibrarioUITests.swift */; };
		7B9F77F32C69A21F000A3CEE /* LibrarioUITestsLaunchTests.swift in Sources */ = {isa = PBXBuildFile; fileRef = 7B9F77F22C69A21F000A3CEE /* LibrarioUITestsLaunchTests.swift */; };
/* End PBXBuildFile section */

/* Begin PBXContainerItemProxy section */
		7B9F77E32C69A21F000A3CEE /* PBXContainerItemProxy */ = {
			isa = PBXContainerItemProxy;
			containerPortal = 7B9F77C82C69A21E000A3CEE /* Project object */;
			proxyType = 1;
			remoteGlobalIDString = 7B9F77CF2C69A21E000A3CEE;
			remoteInfo = Librario;
		};
		7B9F77ED2C69A21F000A3CEE /* PBXContainerItemProxy */ = {
			isa = PBXContainerItemProxy;
			containerPortal = 7B9F77C82C69A21E000A3CEE /* Project object */;
			proxyType = 1;
			remoteGlobalIDString = 7B9F77CF2C69A21E000A3CEE;
			remoteInfo = Librario;
		};
/* End PBXContainerItemProxy section */

/* Begin PBXFileReference section */
		7B9F77D02C69A21E000A3CEE /* Librario.app */ = {isa = PBXFileReference; explicitFileType = wrapper.application; includeInIndex = 0; path = Librario.app; sourceTree = BUILT_PRODUCTS_DIR; };
		7B9F77D32C69A21E000A3CEE /* LibrarioApp.swift */ = {isa = PBXFileReference; lastKnownFileType = sourcecode.swift; path = LibrarioApp.swift; sourceTree = "<group>"; };
		7B9F77D52C69A21E000A3CEE /* ContentView.swift */ = {isa = PBXFileReference; lastKnownFileType = sourcecode.swift; path = ContentView.swift; sourceTree = "<group>"; };
		7B9F77D72C69A21E000A3CEE /* Item.swift */ = {isa = PBXFileReference; lastKnownFileType = sourcecode.swift; path = Item.swift; sourceTree = "<group>"; };
		7B9F77D92C69A21F000A3CEE /* Assets.xcassets */ = {isa = PBXFileReference; lastKnownFileType = folder.assetcatalog; path = Assets.xcassets; sourceTree = "<group>"; };
		7B9F77DC2C69A21F000A3CEE /* Preview Assets.xcassets */ = {isa = PBXFileReference; lastKnownFileType = folder.assetcatalog; path = "Preview Assets.xcassets"; sourceTree = "<group>"; };
		7B9F77E22C69A21F000A3CEE /* LibrarioTests.xctest */ = {isa = PBXFileReference; explicitFileType = wrapper.cfbundle; includeInIndex = 0; path = LibrarioTests.xctest; sourceTree = BUILT_PRODUCTS_DIR; };
		7B9F77E62C69A21F000A3CEE /* LibrarioTests.swift */ = {isa = PBXFileReference; lastKnownFileType = sourcecode.swift; path = LibrarioTests.swift; sourceTree = "<group>"; };
		7B9F77EC2C69A21F000A3CEE /* LibrarioUITests.xctest */ = {isa = PBXFileReference; explicitFileType = wrapper.cfbundle; includeInIndex = 0; path = LibrarioUITests.xctest; sourceTree = BUILT_PRODUCTS_DIR; };
		7B9F77F02C69A21F000A3CEE /* LibrarioUITests.swift */ = {isa = PBXFileReference; lastKnownFileType = sourcecode.swift; path = LibrarioUITests.swift; sourceTree = "<group>"; };
		7B9F77F22C69A21F000A3CEE /* LibrarioUITestsLaunchTests.swift */ = {isa = PBXFileReference; lastKnownFileType = sourcecode.swift; path = LibrarioUITestsLaunchTests.swift; sourceTree = "<group>"; };
/* End PBXFileReference section */

/* Begin PBXFrameworksBuildPhase section */
		7B9F77CD2C69A21E000A3CEE /* Frameworks */ = {
			isa = PBXFrameworksBuildPhase;
			buildActionMask = 2147483647;
			files = (
			);
			runOnlyForDeploymentPostprocessing = 0;
		};
		7B9F77DF2C69A21F000A3CEE /* Frameworks */ = {
			isa = PBXFrameworksBuildPhase;
			buildActionMask = 2147483647;
			files = (
			);
			runOnlyForDeploymentPostprocessing = 0;
		};
		7B9F77E92C69A21F000A3CEE /* Frameworks */ = {
			isa = PBXFrameworksBuildPhase;
			buildActionMask = 2147483647;
			files = (
			);
			runOnlyForDeploymentPostprocessing = 0;
		};
/* End PBXFrameworksBuildPhase section */

/* Begin PBXGroup section */
		7B9F77C72C69A21E000A3CEE = {
			isa = PBXGroup;
			children = (
				7B9F77D22C69A21E000A3CEE /* Librario */,
				7B9F77E52C69A21F000A3CEE /* LibrarioTests */,
				7B9F77EF2C69A21F000A3CEE /* LibrarioUITests */,
				7B9F77D12C69A21E000A3CEE /* Products */,
			);
			sourceTree = "<group>";
		};
		7B9F77D12C69A21E000A3CEE /* Products */ = {
			isa = PBXGroup;
			children = (
				7B9F77D02C69A21E000A3CEE /* Librario.app */,
				7B9F77E22C69A21F000A3CEE /* LibrarioTests.xctest */,
				7B9F77EC2C69A21F000A3CEE /* LibrarioUITests.xctest */,
			);
			name = Products;
			sourceTree = "<group>";
		};
		7B9F77D22C69A21E000A3CEE /* Librario */ = {
			isa = PBXGroup;
			children = (
				7B9F77D32C69A21E000A3CEE /* LibrarioApp.swift */,
				7B9F77D52C69A21E000A3CEE /* ContentView.swift */,
				7B9F77D72C69A21E000A3CEE /* Item.swift */,
				7B9F77D92C69A21F000A3CEE /* Assets.xcassets */,
				7B9F77DB2C69A21F000A3CEE /* Preview Content */,
			);
			path = Librario;
			sourceTree = "<group>";
		};
		7B9F77DB2C69A21F000A3CEE /* Preview Content */ = {
			isa = PBXGroup;
			children = (
				7B9F77DC2C69A21F000A3CEE /* Preview Assets.xcassets */,
			);
			path = "Preview Content";
			sourceTree = "<group>";
		};
		7B9F77E52C69A21F000A3CEE /* LibrarioTests */ = {
			isa = PBXGroup;
			children = (
				7B9F77E62C69A21F000A3CEE /* LibrarioTests.swift */,
			);
			path = LibrarioTests;
			sourceTree = "<group>";
		};
		7B9F77EF2C69A21F000A3CEE /* LibrarioUITests */ = {
			isa = PBXGroup;
			children = (
				7B9F77F02C69A21F000A3CEE /* LibrarioUITests.swift */,
				7B9F77F22C69A21F000A3CEE /* LibrarioUITestsLaunchTests.swift */,
			);
			path = LibrarioUITests;
			sourceTree = "<group>";
		};
/* End PBXGroup section */

/* Begin PBXNativeTarget section */
		7B9F77CF2C69A21E000A3CEE /* Librario */ = {
			isa = PBXNativeTarget;
			buildConfigurationList = 7B9F77F62C69A21F000A3CEE /* Build configuration list for PBXNativeTarget "Librario" */;
			buildPhases = (
				7B9F77CC2C69A21E000A3CEE /* Sources */,
				7B9F77CD2C69A21E000A3CEE /* Frameworks */,
				7B9F77CE2C69A21E000A3CEE /* Resources */,
			);
			buildRules = (
			);
			dependencies = (
			);
			name = Librario;
			productName = Librario;
			productReference = 7B9F77D02C69A21E000A3CEE /* Librario.app */;
			productType = "com.apple.product-type.application";
		};
		7B9F77E12C69A21F000A3CEE /* LibrarioTests */ = {
			isa = PBXNativeTarget;
			buildConfigurationList = 7B9F77F92C69A21F000A3CEE /* Build configuration list for PBXNativeTarget "LibrarioTests" */;
			buildPhases = (
				7B9F77DE2C69A21F000A3CEE /* Sources */,
				7B9F77DF2C69A21F000A3CEE /* Frameworks */,
				7B9F77E02C69A21F000A3CEE /* Resources */,
			);
			buildRules = (
			);
			dependencies = (
				7B9F77E42C69A21F000A3CEE /* PBXTargetDependency */,
			);
			name = LibrarioTests;
			productName = LibrarioTests;
			productReference = 7B9F77E22C69A21F000A3CEE /* LibrarioTests.xctest */;
			productType = "com.apple.product-type.bundle.unit-test";
		};
		7B9F77EB2C69A21F000A3CEE /* LibrarioUITests */ = {
			isa = PBXNativeTarget;
			buildConfigurationList = 7B9F77FC2C69A21F000A3CEE /* Build configuration list for PBXNativeTarget "LibrarioUITests" */;
			buildPhases = (
				7B9F77E82C69A21F000A3CEE /* Sources */,
				7B9F77E92C69A21F000A3CEE /* Frameworks */,
				7B9F77EA2C69A21F000A3CEE /* Resources */,
			);
			buildRules = (
			);
			dependencies = (
				7B9F77EE2C69A21F000A3CEE /* PBXTargetDependency */,
			);
			name = LibrarioUITests;
			productName = LibrarioUITests;
			productReference = 7B9F77EC2C69A21F000A3CEE /* LibrarioUITests.xctest */;
			productType = "com.apple.product-type.bundle.ui-testing";
		};
/* End PBXNativeTarget section */

/* Begin PBXProject section */
		7B9F77C82C69A21E000A3CEE /* Project object */ = {
			isa = PBXProject;
			attributes = {
				BuildIndependentTargetsInParallel = 1;
				LastSwiftUpdateCheck = 1520;
				LastUpgradeCheck = 1520;
				TargetAttributes = {
					7B9F77CF2C69A21E000A3CEE = {
						CreatedOnToolsVersion = 15.2;
					};
					7B9F77E12C69A21F000A3CEE = {
						CreatedOnToolsVersion = 15.2;
						TestTargetID = 7B9F77CF2C69A21E000A3CEE;
					};
					7B9F77EB2C69A21F000A3CEE = {
						CreatedOnToolsVersion = 15.2;
						TestTargetID = 7B9F77CF2C69A21E000A3CEE;
					};
				};
			};
			buildConfigurationList = 7B9F77CB2C69A21E000A3CEE /* Build configuration list for PBXProject "Librario" */;
			compatibilityVersion = "Xcode 14.0";
			developmentRegion = en;
			hasScannedForEncodings = 0;
			knownRegions = (
				en,
				Base,
			);
			mainGroup = 7B9F77C72C69A21E000A3CEE;
			productRefGroup = 7B9F77D12C69A21E000A3CEE /* Products */;
			projectDirPath = "";
			projectRoot = "";
			targets = (
				7B9F77CF2C69A21E000A3CEE /* Librario */,
				7B9F77E12C69A21F000A3CEE /* LibrarioTests */,
				7B9F77EB2C69A21F000A3CEE /* LibrarioUITests */,
			);
		};
/* End PBXProject section */

/* Begin PBXResourcesBuildPhase section */
		7B9F77CE2C69A21E000A3CEE /* Resources */ = {
			isa = PBXResourcesBuildPhase;
			buildActionMask = 2147483647;
			files = (
				7B9F77DD2C69A21F000A3CEE /* Preview Assets.xcassets in Resources */,
				7B9F77DA2C69A21F000A3CEE /* Assets.xcassets in Resources */,
			);
			runOnlyForDeploymentPostprocessing = 0;
		};
		7B9F77E02C69A21F000A3CEE /* Resources */ = {
			isa = PBXResourcesBuildPhase;
			buildActionMask = 2147483647;
			files = (
			);
			runOnlyForDeploymentPostprocessing = 0;
		};
		7B9F77EA2C69A21F000A3CEE /* Resources */ = {
			isa = PBXResourcesBuildPhase;
			buildActionMask = 2147483647;
			files = (
			);
			runOnlyForDeploymentPostprocessing = 0;
		};
/* End PBXResourcesBuildPhase section */

/* Begin PBXSourcesBuildPhase section */
		7B9F77CC2C69A21E000A3CEE /* Sources */ = {
			isa = PBXSourcesBuildPhase;
			buildActionMask = 2147483647;
			files = (
				7B9F77D62C69A21E000A3CEE /* ContentView.swift in Sources */,
				7B9F77D82C69A21E000A3CEE /* Item.swift in Sources */,
				7B9F77D42C69A21E000A3CEE /* LibrarioApp.swift in Sources */,
			);
			runOnlyForDeploymentPostprocessing = 0;
		};
		7B9F77DE2C69A21F000A3CEE /* Sources */ = {
			isa = PBXSourcesBuildPhase;
			buildActionMask = 2147483647;
			files = (
				7B9F77E72C69A21F000A3CEE /* LibrarioTests.swift in Sources */,
			);
			runOnlyForDeploymentPostprocessing = 0;
		};
		7B9F77E82C69A21F000A3CEE /* Sources */ = {
			isa = PBXSourcesBuildPhase;
			buildActionMask = 2147483647;
			files = (
				7B9F77F32C69A21F000A3CEE /* LibrarioUITestsLaunchTests.swift in Sources */,
				7B9F77F12C69A21F000A3CEE /* LibrarioUITests.swift in Sources */,
			);
			runOnlyForDeploymentPostprocessing = 0;
		};
/* End PBXSourcesBuildPhase section */

/* Begin PBXTargetDependency section */
		7B9F77E42C69A21F000A3CEE /* PBXTargetDependency */ = {
			isa = PBXTargetDependency;
			target = 7B9F77CF2C69A21E000A3CEE /* Librario */;
			targetProxy = 7B9F77E32C69A21F000A3CEE /* PBXContainerItemProxy */;
		};
		7B9F77EE2C69A21F000A3CEE /* PBXTargetDependency */ = {
			isa = PBXTargetDependency;
			target = 7B9F77CF2C69A21E000A3CEE /* Librario */;
			targetProxy = 7B9F77ED2C69A21F000A3CEE /* PBXContainerItemProxy */;
		};
/* End PBXTargetDependency section */

/* Begin XCBuildConfiguration section */
		7B9F77F42C69A21F000A3CEE /* Debug */ = {
			isa = XCBuildConfiguration;
			buildSettings = {
				ALWAYS_SEARCH_USER_PATHS = NO;
				ASSETCATALOG_COMPILER_GENERATE_SWIFT_ASSET_SYMBOL_EXTENSIONS = YES;
				CLANG_ANALYZER_NONNULL = YES;
				CLANG_ANALYZER_NUMBER_OBJECT_CONVERSION = YES_AGGRESSIVE;
				CLANG_CXX_LANGUAGE_STANDARD = "gnu++20";
				CLANG_ENABLE_MODULES = YES;
				CLANG_ENABLE_OBJC_ARC = YES;
				CLANG_ENABLE_OBJC_WEAK = YES;
				CLANG_WARN_BLOCK_CAPTURE_AUTORELEASING = YES;
				CLANG_WARN_BOOL_CONVERSION = YES;
				CLANG_WARN_COMMA = YES;
				CLANG_WARN_CONSTANT_CONVERSION = YES;
				CLANG_WARN_DEPRECATED_OBJC_IMPLEMENTATIONS = YES;
				CLANG_WARN_DIRECT_OBJC_ISA_USAGE = YES_ERROR;
				CLANG_WARN_DOCUMENTATION_COMMENTS = YES;
				CLANG_WARN_EMPTY_BODY = YES;
				CLANG_WARN_ENUM_CONVERSION = YES;
				CLANG_WARN_INFINITE_RECURSION = YES;
				CLANG_WARN_INT_CONVERSION = YES;
				CLANG_WARN_NON_LITERAL_NULL_CONVERSION = YES;
				CLANG_WARN_OBJC_IMPLICIT_RETAIN_SELF = YES;
				CLANG_WARN_OBJC_LITERAL_CONVERSION = YES;
				CLANG_WARN_OBJC_ROOT_CLASS = YES_ERROR;
				CLANG_WARN_QUOTED_INCLUDE_IN_FRAMEWORK_HEADER = YES;
				CLANG_WARN_RANGE_LOOP_ANALYSIS = YES;
				CLANG_WARN_STRICT_PROTOTYPES = YES;
				CLANG_WARN_SUSPICIOUS_MOVE = YES;
				CLANG_WARN_UNGUARDED_AVAILABILITY = YES_AGGRESSIVE;
				CLANG_WARN_UNREACHABLE_CODE = YES;
				CLANG_WARN__DUPLICATE_METHOD_MATCH = YES;
				COPY_PHASE_STRIP = NO;
				DEBUG_INFORMATION_FORMAT = dwarf;
				ENABLE_STRICT_OBJC_MSGSEND = YES;
				ENABLE_TESTABILITY = YES;
				ENABLE_USER_SCRIPT_SANDBOXING = YES;
				GCC_C_LANGUAGE_STANDARD = gnu17;
				GCC_DYNAMIC_NO_PIC = NO;
				GCC_NO_COMMON_BLOCKS = YES;
				GCC_OPTIMIZATION_LEVEL = 0;
				GCC_PREPROCESSOR_DEFINITIONS = (
					"DEBUG=1",
					"$(inherited)",
				);
				GCC_WARN_64_TO_32_BIT_CONVERSION = YES;
				GCC_WARN_ABOUT_RETURN_TYPE = YES_ERROR;
				GCC_WARN_UNDECLARED_SELECTOR = YES;
				GCC_WARN_UNINITIALIZED_AUTOS = YES_AGGRESSIVE;
				GCC_WARN_UNUSED_FUNCTION = YES;
				GCC_WARN_UNUSED_VARIABLE = YES;
				IPHONEOS_DEPLOYMENT_TARGET = 17.2;
				LOCALIZATION_PREFERS_STRING_CATALOGS = YES;
				MTL_ENABLE_DEBUG_INFO = INCLUDE_SOURCE;
				MTL_FAST_MATH = YES;
				ONLY_ACTIVE_ARCH = YES;
				SDKROOT = iphoneos;
				SWIFT_ACTIVE_COMPILATION_CONDITIONS = "DEBUG $(inherited)";
				SWIFT_OPTIMIZATION_LEVEL = "-Onone";
			};
			name = Debug;
		};
		7B9F77F52C69A21F000A3CEE /* Release */ = {
			isa = XCBuildConfiguration;
			buildSettings = {
				ALWAYS_SEARCH_USER_PATHS = NO;
				ASSETCATALOG_COMPILER_GENERATE_SWIFT_ASSET_SYMBOL_EXTENSIONS = YES;
				CLANG_ANALYZER_NONNULL = YES;
				CLANG_ANALYZER_NUMBER_OBJECT_CONVERSION = YES_AGGRESSIVE;
				CLANG_CXX_LANGUAGE_STANDARD = "gnu++20";
				CLANG_ENABLE_MODULES = YES;
				CLANG_ENABLE_OBJC_ARC = YES;
				CLANG_ENABLE_OBJC_WEAK = YES;
				CLANG_WARN_BLOCK_CAPTURE_AUTORELEASING = YES;
				CLANG_WARN_BOOL_CONVERSION = YES;
				CLANG_WARN_COMMA = YES;
				CLANG_WARN_CONSTANT_CONVERSION = YES;
				CLANG_WARN_DEPRECATED_OBJC_IMPLEMENTATIONS = YES;
				CLANG_WARN_DIRECT_OBJC_ISA_USAGE = YES_ERROR;
				CLANG_WARN_DOCUMENTATION_COMMENTS = YES;
				CLANG_WARN_EMPTY_BODY = YES;
				CLANG_WARN_ENUM_CONVERSION = YES;
				CLANG_WARN_INFINITE_RECURSION = YES;
				CLANG_WARN_INT_CONVERSION = YES;
				CLANG_WARN_NON_LITERAL_NULL_CONVERSION = YES;
				CLANG_WARN_OBJC_IMPLICIT_RETAIN_SELF = YES;
				CLANG_WARN_OBJC_LITERAL_CONVERSION = YES;
				CLANG_WARN_OBJC_ROOT_CLASS = YES_ERROR;
				CLANG_WARN_QUOTED_INCLUDE_IN_FRAMEWORK_HEADER = YES;
				CLANG_WARN_RANGE_LOOP_ANALYSIS = YES;
				CLANG_WARN_STRICT_PROTOTYPES = YES;
				CLANG_WARN_SUSPICIOUS_MOVE = YES;
				CLANG_WARN_UNGUARDED_AVAILABILITY = YES_AGGRESSIVE;
				CLANG_WARN_UNREACHABLE_CODE = YES;
				CLANG_WARN__DUPLICATE_METHOD_MATCH = YES;
				COPY_PHASE_STRIP = NO;
				DEBUG_INFORMATION_FORMAT = "dwarf-with-dsym";
				ENABLE_NS_ASSERTIONS = NO;
				ENABLE_STRICT_OBJC_MSGSEND = YES;
				ENABLE_USER_SCRIPT_SANDBOXING = YES;
				GCC_C_LANGUAGE_STANDARD = gnu17;
				GCC_NO_COMMON_BLOCKS = YES;
				GCC_WARN_64_TO_32_BIT_CONVERSION = YES;
				GCC_WARN_ABOUT_RETURN_TYPE = YES_ERROR;
				GCC_WARN_UNDECLARED_SELECTOR = YES;
				GCC_WARN_UNINITIALIZED_AUTOS = YES_AGGRESSIVE;
				GCC_WARN_UNUSED_FUNCTION = YES;
				GCC_WARN_UNUSED_VARIABLE = YES;
				IPHONEOS_DEPLOYMENT_TARGET = 17.2;
				LOCALIZATION_PREFERS_STRING_CATALOGS = YES;
				MTL_ENABLE_DEBUG_INFO = NO;
				MTL_FAST_MATH = YES;
				SDKROOT = iphoneos;
				SWIFT_COMPILATION_MODE = wholemodule;
				VALIDATE_PRODUCT = YES;
			};
			name = Release;
		};
		7B9F77F72C69A21F000A3CEE /* Debug */ = {
			isa = XCBuildConfiguration;
			buildSettings = {
				ASSETCATALOG_COMPILER_APPICON_NAME = AppIcon;
				ASSETCATALOG_COMPILER_GLOBAL_ACCENT_COLOR_NAME = AccentColor;
				CODE_SIGN_STYLE = Automatic;
				CURRENT_PROJECT_VERSION = 1;
				DEVELOPMENT_ASSET_PATHS = "\"Librario/Preview Content\"";
				DEVELOPMENT_TEAM = 574355JH3A;
				ENABLE_PREVIEWS = YES;
				GENERATE_INFOPLIST_FILE = YES;
				INFOPLIST_KEY_UIApplicationSceneManifest_Generation = YES;
				INFOPLIST_KEY_UIApplicationSupportsIndirectInputEvents = YES;
				INFOPLIST_KEY_UILaunchScreen_Generation = YES;
				INFOPLIST_KEY_UISupportedInterfaceOrientations_iPad = "UIInterfaceOrientationPortrait UIInterfaceOrientationPortraitUpsideDown UIInterfaceOrientationLandscapeLeft UIInterfaceOrientationLandscapeRight";
				INFOPLIST_KEY_UISupportedInterfaceOrientations_iPhone = "UIInterfaceOrientationPortrait UIInterfaceOrientationLandscapeLeft UIInterfaceOrientationLandscapeRight";
				LD_RUNPATH_SEARCH_PATHS = (
					"$(inherited)",
					"@executable_path/Frameworks",
				);
				MARKETING_VERSION = 1.0;
				PRODUCT_BUNDLE_IDENTIFIER = co.frankguglielmo.Librario;
				PRODUCT_NAME = "$(TARGET_NAME)";
				SWIFT_EMIT_LOC_STRINGS = YES;
				SWIFT_VERSION = 5.0;
				TARGETED_DEVICE_FAMILY = "1,2";
			};
			name = Debug;
		};
		7B9F77F82C69A21F000A3CEE /* Release */ = {
			isa = XCBuildConfiguration;
			buildSettings = {
				ASSETCATALOG_COMPILER_APPICON_NAME = AppIcon;
				ASSETCATALOG_COMPILER_GLOBAL_ACCENT_COLOR_NAME = AccentColor;
				CODE_SIGN_STYLE = Automatic;
				CURRENT_PROJECT_VERSION = 1;
				DEVELOPMENT_ASSET_PATHS = "\"Librario/Preview Content\"";
				DEVELOPMENT_TEAM = 574355JH3A;
				ENABLE_PREVIEWS = YES;
				GENERATE_INFOPLIST_FILE = YES;
				INFOPLIST_KEY_UIApplicationSceneManifest_Generation = YES;
				INFOPLIST_KEY_UIApplicationSupportsIndirectInputEvents = YES;
				INFOPLIST_KEY_UILaunchScreen_Generation = YES;
				INFOPLIST_KEY_UISupportedInterfaceOrientations_iPad = "UIInterfaceOrientationPortrait UIInterfaceOrientationPortraitUpsideDown UIInterfaceOrientationLandscapeLeft UIInterfaceOrientationLandscapeRight";
				INFOPLIST_KEY_UISupportedInterfaceOrientations_iPhone = "UIInterfaceOrientationPortrait UIInterfaceOrientationLandscapeLeft UIInterfaceOrientationLandscapeRight";
				LD_RUNPATH_SEARCH_PATHS = (
					"$(inherited)",
					"@executable_path/Frameworks",
				);
				MARKETING_VERSION = 1.0;
				PRODUCT_BUNDLE_IDENTIFIER = co.frankguglielmo.Librario;
				PRODUCT_NAME = "$(TARGET_NAME)";
				SWIFT_EMIT_LOC_STRINGS = YES;
				SWIFT_VERSION = 5.0;
				TARGETED_DEVICE_FAMILY = "1,2";
			};
			name = Release;
		};
		7B9F77FA2C69A21F000A3CEE /* Debug */ = {
			isa = XCBuildConfiguration;
			buildSettings = {
				ALWAYS_EMBED_SWIFT_STANDARD_LIBRARIES = YES;
				BUNDLE_LOADER = "$(TEST_HOST)";
				CODE_SIGN_STYLE = Automatic;
				CURRENT_PROJECT_VERSION = 1;
				DEVELOPMENT_TEAM = 574355JH3A;
				GENERATE_INFOPLIST_FILE = YES;
				IPHONEOS_DEPLOYMENT_TARGET = 17.2;
				MARKETING_VERSION = 1.0;
				PRODUCT_BUNDLE_IDENTIFIER = co.frankguglielmo.LibrarioTests;
				PRODUCT_NAME = "$(TARGET_NAME)";
				SWIFT_EMIT_LOC_STRINGS = NO;
				SWIFT_VERSION = 5.0;
				TARGETED_DEVICE_FAMILY = "1,2";
				TEST_HOST = "$(BUILT_PRODUCTS_DIR)/Librario.app/$(BUNDLE_EXECUTABLE_FOLDER_PATH)/Librario";
			};
			name = Debug;
		};
		7B9F77FB2C69A21F000A3CEE /* Release */ = {
			isa = XCBuildConfiguration;
			buildSettings = {
				ALWAYS_EMBED_SWIFT_STANDARD_LIBRARIES = YES;
				BUNDLE_LOADER = "$(TEST_HOST)";
				CODE_SIGN_STYLE = Automatic;
				CURRENT_PROJECT_VERSION = 1;
				DEVELOPMENT_TEAM = 574355JH3A;
				GENERATE_INFOPLIST_FILE = YES;
				IPHONEOS_DEPLOYMENT_TARGET = 17.2;
				MARKETING_VERSION = 1.0;
				PRODUCT_BUNDLE_IDENTIFIER = co.frankguglielmo.LibrarioTests;
				PRODUCT_NAME = "$(TARGET_NAME)";
				SWIFT_EMIT_LOC_STRINGS = NO;
				SWIFT_VERSION = 5.0;
				TARGETED_DEVICE_FAMILY = "1,2";
				TEST_HOST = "$(BUILT_PRODUCTS_DIR)/Librario.app/$(BUNDLE_EXECUTABLE_FOLDER_PATH)/Librario";
			};
			name = Release;
		};
		7B9F77FD2C69A21F000A3CEE /* Debug */ = {
			isa = XCBuildConfiguration;
			buildSettings = {
				ALWAYS_EMBED_SWIFT_STANDARD_LIBRARIES = YES;
				CODE_SIGN_STYLE = Automatic;
				CURRENT_PROJECT_VERSION = 1;
				DEVELOPMENT_TEAM = 574355JH3A;
				GENERATE_INFOPLIST_FILE = YES;
				MARKETING_VERSION = 1.0;
				PRODUCT_BUNDLE_IDENTIFIER = co.frankguglielmo.LibrarioUITests;
				PRODUCT_NAME = "$(TARGET_NAME)";
				SWIFT_EMIT_LOC_STRINGS = NO;
				SWIFT_VERSION = 5.0;
				TARGETED_DEVICE_FAMILY = "1,2";
				TEST_TARGET_NAME = Librario;
			};
			name = Debug;
		};
		7B9F77FE2C69A21F000A3CEE /* Release */ = {
			isa = XCBuildConfiguration;
			buildSettings = {
				ALWAYS_EMBED_SWIFT_STANDARD_LIBRARIES = YES;
				CODE_SIGN_STYLE = Automatic;
				CURRENT_PROJECT_VERSION = 1;
				DEVELOPMENT_TEAM = 574355JH3A;
				GENERATE_INFOPLIST_FILE = YES;
				MARKETING_VERSION = 1.0;
				PRODUCT_BUNDLE_IDENTIFIER = co.frankguglielmo.LibrarioUITests;
				PRODUCT_NAME = "$(TARGET_NAME)";
				SWIFT_EMIT_LOC_STRINGS = NO;
				SWIFT_VERSION = 5.0;
				TARGETED_DEVICE_FAMILY = "1,2";
				TEST_TARGET_NAME = Librario;
			};
			name = Release;
		};
/* End XCBuildConfiguration section */

/* Begin XCConfigurationList section */
		7B9F77CB2C69A21E000A3CEE /* Build configuration list for PBXProject "Librario" */ = {
			isa = XCConfigurationList;
			buildConfigurations = (
				7B9F77F42C69A21F000A3CEE /* Debug */,
				7B9F77F52C69A21F000A3CEE /* Release */,
			);
			defaultConfigurationIsVisible = 0;
			defaultConfigurationName = Release;
		};
		7B9F77F62C69A21F000A3CEE /* Build configuration list for PBXNativeTarget "Librario" */ = {
			isa = XCConfigurationList;
			buildConfigurations = (
				7B9F77F72C69A21F000A3CEE /* Debug */,
				7B9F77F82C69A21F000A3CEE /* Release */,
			);
			defaultConfigurationIsVisible = 0;
			defaultConfigurationName = Release;
		};
		7B9F77F92C69A21F000A3CEE /* Build configuration list for PBXNativeTarget "LibrarioTests" */ = {
			isa = XCConfigurationList;
			buildConfigurations = (
				7B9F77FA2C69A21F000A3CEE /* Debug */,
				7B9F77FB2C69A21F000A3CEE /* Release */,
			);
			defaultConfigurationIsVisible = 0;
			defaultConfigurationName = Release;
		};
		7B9F77FC2C69A21F000A3CEE /* Build configuration list for PBXNativeTarget "LibrarioUITests" */ = {
			isa = XCConfigurationList;
			buildConfigurations = (
				7B9F77FD2C69A21F000A3CEE /* Debug */,
				7B9F77FE2C69A21F000A3CEE /* Release */,
			);
			defaultConfigurationIsVisible = 0;
			defaultConfigurationName = Release;
		};
/* End XCConfigurationList section */
	};
	rootObject = 7B9F77C82C69A21E000A3CEE /* Project object */;
}
