{
  "originHash" : "e32f00434fd04b709c3bb56833df593981979c4e31200ce0a7c02415416afe50",
  "pins" : [
    {
      "identity" : "bluesocket",
      "kind" : "remoteSourceControl",
      "location" : "https://github.com/Kitura/BlueSocket.git",
      "state" : {
        "revision" : "c9894fd117457f1d006575fbfb2fdfd6f79eac03",
        "version" : "1.0.200"
      }
    },
    {
      "identity" : "kitura-redis",
      "kind" : "remoteSourceControl",
      "location" : "https://github.com/Kitura/Kitura-redis.git",
      "state" : {
        "revision" : "bdb603ac7aa662f522a4e4671908497e2dd152c0",
        "version" : "2.1.200"
      }
    },
    {
      "identity" : "purchases-ios-spm",
      "kind" : "remoteSourceControl",
      "location" : "https://github.com/RevenueCat/purchases-ios-spm.git",
      "state" : {
        "revision" : "a037a1fa19548b6ebc778b8d425df914d16b96e3",
        "version" : "5.19.0"
      }
    }
  ],
  "version" : 3
}
